
Microsoft Visual Studio Solution File, Format Version 12.00
# Visual Studio Version 16
VisualStudioVersion = 16.0.29306.81
MinimumVisualStudioVersion = 10.0.40219.1
Project("{8BC9CEB8-8B4A-11D0-8D11-00A0C91BC942}") = "Match-Making", "Match-Making\Match-Making.vcxproj", "{4C4F9BBD-4CE3-429B-A38E-15DA74BA3C48}"
EndProject
Global
	GlobalSection(SolutionConfigurationPlatforms) = preSolution
		Debug|x64 = Debug|x64
		Debug|x86 = Debug|x86
		Release|x64 = Release|x64
		Release|x86 = Release|x86
	EndGlobalSection
	GlobalSection(ProjectConfigurationPlatforms) = postSolution
		{4C4F9BBD-4CE3-429B-A38E-15DA74BA3C48}.Debug|x64.ActiveCfg = Debug|x64
		{4C4F9BBD-4CE3-429B-A38E-15DA74BA3C48}.Debug|x64.Build.0 = Debug|x64
		{4C4F9BBD-4CE3-429B-A38E-15DA74BA3C48}.Debug|x86.ActiveCfg = Debug|Win32
		{4C4F9BBD-4CE3-429B-A38E-15DA74BA3C48}.Debug|x86.Build.0 = Debug|Win32
		{4C4F9BBD-4CE3-429B-A38E-15DA74BA3C48}.Release|x64.ActiveCfg = Release|x64
		{4C4F9BBD-4CE3-429B-A38E-15DA74BA3C48}.Release|x64.Build.0 = Release|x64
		{4C4F9BBD-4CE3-429B-A38E-15DA74BA3C48}.Release|x86.ActiveCfg = Release|Win32
		{4C4F9BBD-4CE3-429B-A38E-15DA74BA3C48}.Release|x86.Build.0 = Release|Win32
	EndGlobalSection
	GlobalSection(SolutionProperties) = preSolution
		HideSolutionNode = FALSE
	EndGlobalSection
	GlobalSection(ExtensibilityGlobals) = postSolution
		SolutionGuid = {14E5CE16-9041-4654-80DB-96EEEFF58901}
	EndGlobalSection
EndGlobal
